
Microsoft Visual Studio Solution File, Format Version 11.00
# Visual Studio 2010
Project("{FAE04EC0-301F-11D3-BF4B-00C04F79EFBC}") = "SMSApi", "SMSApi.csproj", "{891A045E-8799-4B76-88F3-A0ACF38D5DB2}"
EndProject
Global
	GlobalSection(SolutionConfigurationPlatforms) = preSolution
		Debug|Any CPU = Debug|Any CPU
		Release|Any CPU = Release|Any CPU
	EndGlobalSection
	GlobalSection(ProjectConfigurationPlatforms) = postSolution
		{891A045E-8799-4B76-88F3-A0ACF38D5DB2}.Debug|Any CPU.ActiveCfg = Debug|Any CPU
		{891A045E-8799-4B76-88F3-A0ACF38D5DB2}.Debug|Any CPU.Build.0 = Debug|Any CPU
		{891A045E-8799-4B76-88F3-A0ACF38D5DB2}.Release|Any CPU.ActiveCfg = Release|Any CPU
		{891A045E-8799-4B76-88F3-A0ACF38D5DB2}.Release|Any CPU.Build.0 = Release|Any CPU
	EndGlobalSection
	GlobalSection(MonoDevelopProperties) = preSolution
		StartupItem = SMSApi.csproj
	EndGlobalSection
EndGlobal
